// !$*UTF8*$!
{
	archiveVersion = 1;
	classes = {
	};
	objectVersion = 46;
	objects = {

/* Begin PBXBuildFile section */
		68773BF61A1794610087D532 /* ExpressionViewController.m in Sources */ = {isa = PBXBuildFile; fileRef = 68773BF41A17936A0087D532 /* ExpressionViewController.m */; };
		68773BF81A1794970087D532 /* ExpressionView.xib in Resources */ = {isa = PBXBuildFile; fileRef = 68773BF71A1794970087D532 /* ExpressionView.xib */; };
		68773BFD1A17B83B0087D532 /* ViewController.m in Sources */ = {isa = PBXBuildFile; fileRef = 68773BFC1A17B83B0087D532 /* ViewController.m */; };
		68D14FCE1C8863FB00D312E0 /* Square.ttf in CopyFiles */ = {isa = PBXBuildFile; fileRef = 68773BF91A17967A0087D532 /* Square.ttf */; };
		68D8C6A01BE1A80D005851C8 /* Affdex.framework in Frameworks */ = {isa = PBXBuildFile; fileRef = 68D8C69E1BE1A807005851C8 /* Affdex.framework */; };
		68D8C6A11BE1A80D005851C8 /* Affdex.framework in CopyFiles */ = {isa = PBXBuildFile; fileRef = 68D8C69E1BE1A807005851C8 /* Affdex.framework */; settings = {ATTRIBUTES = (CodeSignOnCopy, RemoveHeadersOnCopy, ); }; };
		68DEC4831A178731009FCB2E /* AppDelegate.m in Sources */ = {isa = PBXBuildFile; fileRef = 68DEC4821A178731009FCB2E /* AppDelegate.m */; };
		68DEC4851A178731009FCB2E /* main.m in Sources */ = {isa = PBXBuildFile; fileRef = 68DEC4841A178731009FCB2E /* main.m */; };
		68DEC4871A178731009FCB2E /* Images.xcassets in Resources */ = {isa = PBXBuildFile; fileRef = 68DEC4861A178731009FCB2E /* Images.xcassets */; };
		68DEC48A1A178731009FCB2E /* MainMenu.xib in Resources */ = {isa = PBXBuildFile; fileRef = 68DEC4881A178731009FCB2E /* MainMenu.xib */; };
		68DEC4961A178731009FCB2E /* AffdexMeOSXTests.m in Sources */ = {isa = PBXBuildFile; fileRef = 68DEC4951A178731009FCB2E /* AffdexMeOSXTests.m */; };
/* End PBXBuildFile section */

/* Begin PBXContainerItemProxy section */
		68DEC4901A178731009FCB2E /* PBXContainerItemProxy */ = {
			isa = PBXContainerItemProxy;
			containerPortal = 68DEC4741A178731009FCB2E /* Project object */;
			proxyType = 1;
			remoteGlobalIDString = 68DEC47B1A178731009FCB2E;
			remoteInfo = MeasureUpOSX;
		};
/* End PBXContainerItemProxy section */

/* Begin PBXCopyFilesBuildPhase section */
		68D14FCD1C8863F000D312E0 /* CopyFiles */ = {
			isa = PBXCopyFilesBuildPhase;
			buildActionMask = 2147483647;
			dstPath = Fonts;
			dstSubfolderSpec = 7;
			files = (
				68D14FCE1C8863FB00D312E0 /* Square.ttf in CopyFiles */,
			);
			runOnlyForDeploymentPostprocessing = 0;
		};
		68DEC4A11A178786009FCB2E /* CopyFiles */ = {
			isa = PBXCopyFilesBuildPhase;
			buildActionMask = 2147483647;
			dstPath = "";
			dstSubfolderSpec = 10;
			files = (
				68D8C6A11BE1A80D005851C8 /* Affdex.framework in CopyFiles */,
			);
			runOnlyForDeploymentPostprocessing = 0;
		};
/* End PBXCopyFilesBuildPhase section */

/* Begin PBXFileReference section */
		68773BF31A17936A0087D532 /* ExpressionViewController.h */ = {isa = PBXFileReference; fileEncoding = 4; lastKnownFileType = sourcecode.c.h; path = ExpressionViewController.h; sourceTree = "<group>"; };
		68773BF41A17936A0087D532 /* ExpressionViewController.m */ = {isa = PBXFileReference; fileEncoding = 4; lastKnownFileType = sourcecode.c.objc; path = ExpressionViewController.m; sourceTree = "<group>"; };
		68773BF71A1794970087D532 /* ExpressionView.xib */ = {isa = PBXFileReference; fileEncoding = 4; lastKnownFileType = file.xib; path = ExpressionView.xib; sourceTree = "<group>"; };
		68773BF91A17967A0087D532 /* Square.ttf */ = {isa = PBXFileReference; lastKnownFileType = file; path = Square.ttf; sourceTree = "<group>"; };
		68773BFB1A17B83B0087D532 /* ViewController.h */ = {isa = PBXFileReference; fileEncoding = 4; lastKnownFileType = sourcecode.c.h; path = ViewController.h; sourceTree = "<group>"; };
		68773BFC1A17B83B0087D532 /* ViewController.m */ = {isa = PBXFileReference; fileEncoding = 4; lastKnownFileType = sourcecode.c.objc; path = ViewController.m; sourceTree = "<group>"; };
		68D8C69E1BE1A807005851C8 /* Affdex.framework */ = {isa = PBXFileReference; lastKnownFileType = wrapper.framework; path = Affdex.framework; sourceTree = SOURCE_ROOT; };
		68DEC47C1A178731009FCB2E /* AffdexMeOSX.app */ = {isa = PBXFileReference; explicitFileType = wrapper.application; includeInIndex = 0; path = AffdexMeOSX.app; sourceTree = BUILT_PRODUCTS_DIR; };
		68DEC4801A178731009FCB2E /* Info.plist */ = {isa = PBXFileReference; lastKnownFileType = text.plist.xml; path = Info.plist; sourceTree = "<group>"; };
		68DEC4811A178731009FCB2E /* AppDelegate.h */ = {isa = PBXFileReference; lastKnownFileType = sourcecode.c.h; path = AppDelegate.h; sourceTree = "<group>"; };
		68DEC4821A178731009FCB2E /* AppDelegate.m */ = {isa = PBXFileReference; lastKnownFileType = sourcecode.c.objc; path = AppDelegate.m; sourceTree = "<group>"; };
		68DEC4841A178731009FCB2E /* main.m */ = {isa = PBXFileReference; lastKnownFileType = sourcecode.c.objc; path = main.m; sourceTree = "<group>"; };
		68DEC4861A178731009FCB2E /* Images.xcassets */ = {isa = PBXFileReference; lastKnownFileType = folder.assetcatalog; path = Images.xcassets; sourceTree = "<group>"; };
		68DEC4891A178731009FCB2E /* Base */ = {isa = PBXFileReference; lastKnownFileType = file.xib; name = Base; path = Base.lproj/MainMenu.xib; sourceTree = "<group>"; };
		68DEC48F1A178731009FCB2E /* AffdexMeOSXTests.xctest */ = {isa = PBXFileReference; explicitFileType = wrapper.cfbundle; includeInIndex = 0; path = AffdexMeOSXTests.xctest; sourceTree = BUILT_PRODUCTS_DIR; };
		68DEC4941A178731009FCB2E /* Info.plist */ = {isa = PBXFileReference; lastKnownFileType = text.plist.xml; path = Info.plist; sourceTree = "<group>"; };
		68DEC4951A178731009FCB2E /* AffdexMeOSXTests.m */ = {isa = PBXFileReference; lastKnownFileType = sourcecode.c.objc; path = AffdexMeOSXTests.m; sourceTree = "<group>"; };
/* End PBXFileReference section */

/* Begin PBXFrameworksBuildPhase section */
		68DEC4791A178731009FCB2E /* Frameworks */ = {
			isa = PBXFrameworksBuildPhase;
			buildActionMask = 2147483647;
			files = (
				68D8C6A01BE1A80D005851C8 /* Affdex.framework in Frameworks */,
			);
			runOnlyForDeploymentPostprocessing = 0;
		};
		68DEC48C1A178731009FCB2E /* Frameworks */ = {
			isa = PBXFrameworksBuildPhase;
			buildActionMask = 2147483647;
			files = (
			);
			runOnlyForDeploymentPostprocessing = 0;
		};
/* End PBXFrameworksBuildPhase section */

/* Begin PBXGroup section */
		68DEC4731A178731009FCB2E = {
			isa = PBXGroup;
			children = (
				68773BF91A17967A0087D532 /* Square.ttf */,
				68DEC47E1A178731009FCB2E /* AffdexMeOSX */,
				68DEC4921A178731009FCB2E /* AffdexMeOSXTests */,
				68DEC47D1A178731009FCB2E /* Products */,
			);
			sourceTree = "<group>";
		};
		68DEC47D1A178731009FCB2E /* Products */ = {
			isa = PBXGroup;
			children = (
				68DEC47C1A178731009FCB2E /* AffdexMeOSX.app */,
				68DEC48F1A178731009FCB2E /* AffdexMeOSXTests.xctest */,
			);
			name = Products;
			sourceTree = "<group>";
		};
		68DEC47E1A178731009FCB2E /* AffdexMeOSX */ = {
			isa = PBXGroup;
			children = (
				68D8C69E1BE1A807005851C8 /* Affdex.framework */,
				68773BFB1A17B83B0087D532 /* ViewController.h */,
				68773BFC1A17B83B0087D532 /* ViewController.m */,
				68773BF31A17936A0087D532 /* ExpressionViewController.h */,
				68773BF41A17936A0087D532 /* ExpressionViewController.m */,
				68773BF71A1794970087D532 /* ExpressionView.xib */,
				68DEC4811A178731009FCB2E /* AppDelegate.h */,
				68DEC4821A178731009FCB2E /* AppDelegate.m */,
				68DEC4861A178731009FCB2E /* Images.xcassets */,
				68DEC4881A178731009FCB2E /* MainMenu.xib */,
				68DEC47F1A178731009FCB2E /* Supporting Files */,
			);
			path = AffdexMeOSX;
			sourceTree = "<group>";
		};
		68DEC47F1A178731009FCB2E /* Supporting Files */ = {
			isa = PBXGroup;
			children = (
				68DEC4801A178731009FCB2E /* Info.plist */,
				68DEC4841A178731009FCB2E /* main.m */,
			);
			name = "Supporting Files";
			sourceTree = "<group>";
		};
		68DEC4921A178731009FCB2E /* AffdexMeOSXTests */ = {
			isa = PBXGroup;
			children = (
				68DEC4951A178731009FCB2E /* AffdexMeOSXTests.m */,
				68DEC4931A178731009FCB2E /* Supporting Files */,
			);
			path = AffdexMeOSXTests;
			sourceTree = "<group>";
		};
		68DEC4931A178731009FCB2E /* Supporting Files */ = {
			isa = PBXGroup;
			children = (
				68DEC4941A178731009FCB2E /* Info.plist */,
			);
			name = "Supporting Files";
			sourceTree = "<group>";
		};
/* End PBXGroup section */

/* Begin PBXNativeTarget section */
		68DEC47B1A178731009FCB2E /* AffdexMeOSX */ = {
			isa = PBXNativeTarget;
			buildConfigurationList = 68DEC4991A178731009FCB2E /* Build configuration list for PBXNativeTarget "AffdexMeOSX" */;
			buildPhases = (
				68DEC4781A178731009FCB2E /* Sources */,
				68DEC4791A178731009FCB2E /* Frameworks */,
				68DEC47A1A178731009FCB2E /* Resources */,
				68D14FCD1C8863F000D312E0 /* CopyFiles */,
				68DEC4A11A178786009FCB2E /* CopyFiles */,
			);
			buildRules = (
			);
			dependencies = (
			);
			name = AffdexMeOSX;
			productName = MeasureUpOSX;
			productReference = 68DEC47C1A178731009FCB2E /* AffdexMeOSX.app */;
			productType = "com.apple.product-type.application";
		};
		68DEC48E1A178731009FCB2E /* AffdexMeOSXTests */ = {
			isa = PBXNativeTarget;
			buildConfigurationList = 68DEC49C1A178731009FCB2E /* Build configuration list for PBXNativeTarget "AffdexMeOSXTests" */;
			buildPhases = (
				68DEC48B1A178731009FCB2E /* Sources */,
				68DEC48C1A178731009FCB2E /* Frameworks */,
				68DEC48D1A178731009FCB2E /* Resources */,
			);
			buildRules = (
			);
			dependencies = (
				68DEC4911A178731009FCB2E /* PBXTargetDependency */,
			);
			name = AffdexMeOSXTests;
			productName = MeasureUpOSXTests;
			productReference = 68DEC48F1A178731009FCB2E /* AffdexMeOSXTests.xctest */;
			productType = "com.apple.product-type.bundle.unit-test";
		};
/* End PBXNativeTarget section */

/* Begin PBXProject section */
		68DEC4741A178731009FCB2E /* Project object */ = {
			isa = PBXProject;
			attributes = {
				LastUpgradeCheck = 0710;
				ORGANIZATIONNAME = "tee-boy";
				TargetAttributes = {
					68DEC47B1A178731009FCB2E = {
						CreatedOnToolsVersion = 6.1;
					};
					68DEC48E1A178731009FCB2E = {
						CreatedOnToolsVersion = 6.1;
						TestTargetID = 68DEC47B1A178731009FCB2E;
					};
				};
			};
			buildConfigurationList = 68DEC4771A178731009FCB2E /* Build configuration list for PBXProject "AffdexMe" */;
			compatibilityVersion = "Xcode 3.2";
			developmentRegion = English;
			hasScannedForEncodings = 0;
			knownRegions = (
				en,
				Base,
			);
			mainGroup = 68DEC4731A178731009FCB2E;
			productRefGroup = 68DEC47D1A178731009FCB2E /* Products */;
			projectDirPath = "";
			projectRoot = "";
			targets = (
				68DEC47B1A178731009FCB2E /* AffdexMeOSX */,
				68DEC48E1A178731009FCB2E /* AffdexMeOSXTests */,
			);
		};
/* End PBXProject section */

/* Begin PBXResourcesBuildPhase section */
		68DEC47A1A178731009FCB2E /* Resources */ = {
			isa = PBXResourcesBuildPhase;
			buildActionMask = 2147483647;
			files = (
				68DEC4871A178731009FCB2E /* Images.xcassets in Resources */,
				68DEC48A1A178731009FCB2E /* MainMenu.xib in Resources */,
				68773BF81A1794970087D532 /* ExpressionView.xib in Resources */,
			);
			runOnlyForDeploymentPostprocessing = 0;
		};
		68DEC48D1A178731009FCB2E /* Resources */ = {
			isa = PBXResourcesBuildPhase;
			buildActionMask = 2147483647;
			files = (
			);
			runOnlyForDeploymentPostprocessing = 0;
		};
/* End PBXResourcesBuildPhase section */

/* Begin PBXSourcesBuildPhase section */
		68DEC4781A178731009FCB2E /* Sources */ = {
			isa = PBXSourcesBuildPhase;
			buildActionMask = 2147483647;
			files = (
				68773BF61A1794610087D532 /* ExpressionViewController.m in Sources */,
				68DEC4851A178731009FCB2E /* main.m in Sources */,
				68773BFD1A17B83B0087D532 /* ViewController.m in Sources */,
				68DEC4831A178731009FCB2E /* AppDelegate.m in Sources */,
			);
			runOnlyForDeploymentPostprocessing = 0;
		};
		68DEC48B1A178731009FCB2E /* Sources */ = {
			isa = PBXSourcesBuildPhase;
			buildActionMask = 2147483647;
			files = (
				68DEC4961A178731009FCB2E /* AffdexMeOSXTests.m in Sources */,
			);
			runOnlyForDeploymentPostprocessing = 0;
		};
/* End PBXSourcesBuildPhase section */

/* Begin PBXTargetDependency section */
		68DEC4911A178731009FCB2E /* PBXTargetDependency */ = {
			isa = PBXTargetDependency;
			target = 68DEC47B1A178731009FCB2E /* AffdexMeOSX */;
			targetProxy = 68DEC4901A178731009FCB2E /* PBXContainerItemProxy */;
		};
/* End PBXTargetDependency section */

/* Begin PBXVariantGroup section */
		68DEC4881A178731009FCB2E /* MainMenu.xib */ = {
			isa = PBXVariantGroup;
			children = (
				68DEC4891A178731009FCB2E /* Base */,
			);
			name = MainMenu.xib;
			sourceTree = "<group>";
		};
/* End PBXVariantGroup section */

/* Begin XCBuildConfiguration section */
		68DEC4971A178731009FCB2E /* Debug */ = {
			isa = XCBuildConfiguration;
			buildSettings = {
				ALWAYS_SEARCH_USER_PATHS = NO;
				CLANG_CXX_LANGUAGE_STANDARD = "gnu++0x";
				CLANG_CXX_LIBRARY = "libc++";
				CLANG_ENABLE_MODULES = YES;
				CLANG_ENABLE_OBJC_ARC = YES;
				CLANG_WARN_BOOL_CONVERSION = YES;
				CLANG_WARN_CONSTANT_CONVERSION = YES;
				CLANG_WARN_DIRECT_OBJC_ISA_USAGE = YES_ERROR;
				CLANG_WARN_EMPTY_BODY = YES;
				CLANG_WARN_ENUM_CONVERSION = YES;
				CLANG_WARN_INT_CONVERSION = YES;
				CLANG_WARN_OBJC_ROOT_CLASS = YES_ERROR;
				CLANG_WARN_UNREACHABLE_CODE = YES;
				CLANG_WARN__DUPLICATE_METHOD_MATCH = YES;
				CODE_SIGN_IDENTITY = "-";
				COPY_PHASE_STRIP = NO;
				ENABLE_STRICT_OBJC_MSGSEND = YES;
				ENABLE_TESTABILITY = YES;
				GCC_C_LANGUAGE_STANDARD = gnu99;
				GCC_DYNAMIC_NO_PIC = NO;
				GCC_OPTIMIZATION_LEVEL = 0;
				GCC_PREPROCESSOR_DEFINITIONS = (
					"DEBUG=1",
					"$(inherited)",
				);
				GCC_SYMBOLS_PRIVATE_EXTERN = NO;
				GCC_WARN_64_TO_32_BIT_CONVERSION = YES;
				GCC_WARN_ABOUT_RETURN_TYPE = YES_ERROR;
				GCC_WARN_UNDECLARED_SELECTOR = YES;
				GCC_WARN_UNINITIALIZED_AUTOS = YES_AGGRESSIVE;
				GCC_WARN_UNUSED_FUNCTION = YES;
				GCC_WARN_UNUSED_VARIABLE = YES;
				MACOSX_DEPLOYMENT_TARGET = 10.10;
				MTL_ENABLE_DEBUG_INFO = YES;
				ONLY_ACTIVE_ARCH = YES;
				SDKROOT = macosx;
			};
			name = Debug;
		};
		68DEC4981A178731009FCB2E /* Release */ = {
			isa = XCBuildConfiguration;
			buildSettings = {
				ALWAYS_SEARCH_USER_PATHS = NO;
				CLANG_CXX_LANGUAGE_STANDARD = "gnu++0x";
				CLANG_CXX_LIBRARY = "libc++";
				CLANG_ENABLE_MODULES = YES;
				CLANG_ENABLE_OBJC_ARC = YES;
				CLANG_WARN_BOOL_CONVERSION = YES;
				CLANG_WARN_CONSTANT_CONVERSION = YES;
				CLANG_WARN_DIRECT_OBJC_ISA_USAGE = YES_ERROR;
				CLANG_WARN_EMPTY_BODY = YES;
				CLANG_WARN_ENUM_CONVERSION = YES;
				CLANG_WARN_INT_CONVERSION = YES;
				CLANG_WARN_OBJC_ROOT_CLASS = YES_ERROR;
				CLANG_WARN_UNREACHABLE_CODE = YES;
				CLANG_WARN__DUPLICATE_METHOD_MATCH = YES;
				CODE_SIGN_IDENTITY = "-";
				COPY_PHASE_STRIP = YES;
				DEBUG_INFORMATION_FORMAT = "dwarf-with-dsym";
				ENABLE_NS_ASSERTIONS = NO;
				ENABLE_STRICT_OBJC_MSGSEND = YES;
				GCC_C_LANGUAGE_STANDARD = gnu99;
				GCC_WARN_64_TO_32_BIT_CONVERSION = YES;
				GCC_WARN_ABOUT_RETURN_TYPE = YES_ERROR;
				GCC_WARN_UNDECLARED_SELECTOR = YES;
				GCC_WARN_UNINITIALIZED_AUTOS = YES_AGGRESSIVE;
				GCC_WARN_UNUSED_FUNCTION = YES;
				GCC_WARN_UNUSED_VARIABLE = YES;
				MACOSX_DEPLOYMENT_TARGET = 10.10;
				MTL_ENABLE_DEBUG_INFO = NO;
				SDKROOT = macosx;
			};
			name = Release;
		};
		68DEC49A1A178731009FCB2E /* Debug */ = {
			isa = XCBuildConfiguration;
			buildSettings = {
				ASSETCATALOG_COMPILER_APPICON_NAME = AppIcon;
				CODE_SIGN_IDENTITY = "";
				COMBINE_HIDPI_IMAGES = YES;
				FRAMEWORK_SEARCH_PATHS = (
					"$(inherited)",
					"$(USER_LIBRARY_DIR)/Developer/Xcode/DerivedData/libAffdex-ftljojjqxhthvrdtpvkmchodxblm/Build/Products/Debug",
					"$(PROJECT_DIR)",
				);
				INFOPLIST_FILE = AffdexMeOSX/Info.plist;
				LD_RUNPATH_SEARCH_PATHS = "$(inherited) @executable_path/../Frameworks";
				LIBRARY_SEARCH_PATHS = "$(inherited)";
				PRODUCT_BUNDLE_IDENTIFIER = "com.tee-boy.$(PRODUCT_NAME:rfc1034identifier)";
				PRODUCT_NAME = "$(TARGET_NAME)";
			};
			name = Debug;
		};
		68DEC49B1A178731009FCB2E /* Release */ = {
			isa = XCBuildConfiguration;
			buildSettings = {
				ASSETCATALOG_COMPILER_APPICON_NAME = AppIcon;
				CODE_SIGN_IDENTITY = "";
				COMBINE_HIDPI_IMAGES = YES;
				FRAMEWORK_SEARCH_PATHS = (
					"$(inherited)",
					"$(USER_LIBRARY_DIR)/Developer/Xcode/DerivedData/libAffdex-ftljojjqxhthvrdtpvkmchodxblm/Build/Products/Debug",
					"$(PROJECT_DIR)",
				);
				INFOPLIST_FILE = AffdexMeOSX/Info.plist;
				LD_RUNPATH_SEARCH_PATHS = "$(inherited) @executable_path/../Frameworks";
				LIBRARY_SEARCH_PATHS = "$(inherited)";
				PRODUCT_BUNDLE_IDENTIFIER = "com.tee-boy.$(PRODUCT_NAME:rfc1034identifier)";
				PRODUCT_NAME = "$(TARGET_NAME)";
			};
			name = Release;
		};
		68DEC49D1A178731009FCB2E /* Debug */ = {
			isa = XCBuildConfiguration;
			buildSettings = {
				BUNDLE_LOADER = "$(TEST_HOST)";
				COMBINE_HIDPI_IMAGES = YES;
				FRAMEWORK_SEARCH_PATHS = (
					"$(DEVELOPER_FRAMEWORKS_DIR)",
					"$(inherited)",
				);
				GCC_PREPROCESSOR_DEFINITIONS = (
					"DEBUG=1",
					"$(inherited)",
				);
				INFOPLIST_FILE = AffdexMeOSXTests/Info.plist;
				LD_RUNPATH_SEARCH_PATHS = "$(inherited) @executable_path/../Frameworks @loader_path/../Frameworks";
				PRODUCT_BUNDLE_IDENTIFIER = "com.tee-boy.$(PRODUCT_NAME:rfc1034identifier)";
				PRODUCT_NAME = "$(TARGET_NAME)";
				TEST_HOST = "$(BUILT_PRODUCTS_DIR)/MeasureUpOSX.app/Contents/MacOS/MeasureUpOSX";
			};
			name = Debug;
		};
		68DEC49E1A178731009FCB2E /* Release */ = {
			isa = XCBuildConfiguration;
			buildSettings = {
				BUNDLE_LOADER = "$(TEST_HOST)";
				COMBINE_HIDPI_IMAGES = YES;
				FRAMEWORK_SEARCH_PATHS = (
					"$(DEVELOPER_FRAMEWORKS_DIR)",
					"$(inherited)",
				);
				INFOPLIST_FILE = AffdexMeOSXTests/Info.plist;
				LD_RUNPATH_SEARCH_PATHS = "$(inherited) @executable_path/../Frameworks @loader_path/../Frameworks";
				PRODUCT_BUNDLE_IDENTIFIER = "com.tee-boy.$(PRODUCT_NAME:rfc1034identifier)";
				PRODUCT_NAME = "$(TARGET_NAME)";
				TEST_HOST = "$(BUILT_PRODUCTS_DIR)/MeasureUpOSX.app/Contents/MacOS/MeasureUpOSX";
			};
			name = Release;
		};
/* End XCBuildConfiguration section */

/* Begin XCConfigurationList section */
		68DEC4771A178731009FCB2E /* Build configuration list for PBXProject "AffdexMe" */ = {
			isa = XCConfigurationList;
			buildConfigurations = (
				68DEC4971A178731009FCB2E /* Debug */,
				68DEC4981A178731009FCB2E /* Release */,
			);
			defaultConfigurationIsVisible = 0;
			defaultConfigurationName = Release;
		};
		68DEC4991A178731009FCB2E /* Build configuration list for PBXNativeTarget "AffdexMeOSX" */ = {
			isa = XCConfigurationList;
			buildConfigurations = (
				68DEC49A1A178731009FCB2E /* Debug */,
				68DEC49B1A178731009FCB2E /* Release */,
			);
			defaultConfigurationIsVisible = 0;
			defaultConfigurationName = Release;
		};
		68DEC49C1A178731009FCB2E /* Build configuration list for PBXNativeTarget "AffdexMeOSXTests" */ = {
			isa = XCConfigurationList;
			buildConfigurations = (
				68DEC49D1A178731009FCB2E /* Debug */,
				68DEC49E1A178731009FCB2E /* Release */,
			);
			defaultConfigurationIsVisible = 0;
			defaultConfigurationName = Release;
		};
/* End XCConfigurationList section */
	};
	rootObject = 68DEC4741A178731009FCB2E /* Project object */;
}
